
Microsoft Visual Studio Solution File, Format Version 12.00
# Visual Studio 14
VisualStudioVersion = 14.0.22823.1
MinimumVisualStudioVersion = 10.0.40219.1
Project("{FAE04EC0-301F-11D3-BF4B-00C04F79EFBC}") = "Storm.Net.Adapter", "Storm.Net.Adapter\Storm.Net.Adapter.csproj", "{11243FBD-674F-4B0A-8119-95A5C8708323}"
EndProject
Global
	GlobalSection(SolutionConfigurationPlatforms) = preSolution
		Debug|Any CPU = Debug|Any CPU
		Release|Any CPU = Release|Any CPU
	EndGlobalSection
	GlobalSection(ProjectConfigurationPlatforms) = postSolution
		{11243FBD-674F-4B0A-8119-95A5C8708323}.Debug|Any CPU.ActiveCfg = Debug|Any CPU
		{11243FBD-674F-4B0A-8119-95A5C8708323}.Debug|Any CPU.Build.0 = Debug|Any CPU
		{11243FBD-674F-4B0A-8119-95A5C8708323}.Release|Any CPU.ActiveCfg = Release|Any CPU
		{11243FBD-674F-4B0A-8119-95A5C8708323}.Release|Any CPU.Build.0 = Release|Any CPU
	EndGlobalSection
	GlobalSection(SolutionProperties) = preSolution
		HideSolutionNode = FALSE
	EndGlobalSection
EndGlobal
